
Microsoft Visual Studio Solution File, Format Version 12.00
# Visual Studio 15
Project("{FAE04EC0-301F-11D3-BF4B-00C04F79EFBC}") = "Api", "API\Api.csproj", "{44065A46-4353-4D36-A081-E21CBC4D30CF}"
EndProject
Project("{FAE04EC0-301F-11D3-BF4B-00C04F79EFBC}") = "Business", "Business\Business.csproj", "{5514D951-6FB8-4213-9FA7-B68469B3F72F}"
EndProject
Project("{FAE04EC0-301F-11D3-BF4B-00C04F79EFBC}") = "Models", "Models\Models.csproj", "{16C9940C-1078-42F0-87A5-68E62C3B01FC}"
EndProject
Global
	GlobalSection(SolutionConfigurationPlatforms) = preSolution
		Debug|Any CPU = Debug|Any CPU
		Release|Any CPU = Release|Any CPU
		Local|Any CPU = Local|Any CPU
	EndGlobalSection
	GlobalSection(ProjectConfigurationPlatforms) = postSolution
		{44065A46-4353-4D36-A081-E21CBC4D30CF}.Debug|Any CPU.ActiveCfg = Debug|Any CPU
		{44065A46-4353-4D36-A081-E21CBC4D30CF}.Debug|Any CPU.Build.0 = Debug|Any CPU
		{44065A46-4353-4D36-A081-E21CBC4D30CF}.Release|Any CPU.ActiveCfg = Release|Any CPU
		{44065A46-4353-4D36-A081-E21CBC4D30CF}.Release|Any CPU.Build.0 = Release|Any CPU
		{44065A46-4353-4D36-A081-E21CBC4D30CF}.Local|Any CPU.ActiveCfg = Debug|Any CPU
		{44065A46-4353-4D36-A081-E21CBC4D30CF}.Local|Any CPU.Build.0 = Debug|Any CPU
		{5514D951-6FB8-4213-9FA7-B68469B3F72F}.Debug|Any CPU.ActiveCfg = Debug|Any CPU
		{5514D951-6FB8-4213-9FA7-B68469B3F72F}.Debug|Any CPU.Build.0 = Debug|Any CPU
		{5514D951-6FB8-4213-9FA7-B68469B3F72F}.Release|Any CPU.ActiveCfg = Release|Any CPU
		{5514D951-6FB8-4213-9FA7-B68469B3F72F}.Release|Any CPU.Build.0 = Release|Any CPU
		{5514D951-6FB8-4213-9FA7-B68469B3F72F}.Local|Any CPU.ActiveCfg = Debug|Any CPU
		{5514D951-6FB8-4213-9FA7-B68469B3F72F}.Local|Any CPU.Build.0 = Debug|Any CPU
		{8693114E-E47E-4E44-8F4F-BF76F1C6EC96}.Debug|Any CPU.ActiveCfg = Debug|Any CPU
		{8693114E-E47E-4E44-8F4F-BF76F1C6EC96}.Debug|Any CPU.Build.0 = Debug|Any CPU
		{8693114E-E47E-4E44-8F4F-BF76F1C6EC96}.Release|Any CPU.ActiveCfg = Release|Any CPU
		{8693114E-E47E-4E44-8F4F-BF76F1C6EC96}.Release|Any CPU.Build.0 = Release|Any CPU
		{8693114E-E47E-4E44-8F4F-BF76F1C6EC96}.Local|Any CPU.ActiveCfg = Debug|Any CPU
		{8693114E-E47E-4E44-8F4F-BF76F1C6EC96}.Local|Any CPU.Build.0 = Debug|Any CPU
		{16C9940C-1078-42F0-87A5-68E62C3B01FC}.Debug|Any CPU.ActiveCfg = Debug|Any CPU
		{16C9940C-1078-42F0-87A5-68E62C3B01FC}.Debug|Any CPU.Build.0 = Debug|Any CPU
		{16C9940C-1078-42F0-87A5-68E62C3B01FC}.Release|Any CPU.ActiveCfg = Release|Any CPU
		{16C9940C-1078-42F0-87A5-68E62C3B01FC}.Release|Any CPU.Build.0 = Release|Any CPU
		{16C9940C-1078-42F0-87A5-68E62C3B01FC}.Local|Any CPU.ActiveCfg = Debug|Any CPU
		{16C9940C-1078-42F0-87A5-68E62C3B01FC}.Local|Any CPU.Build.0 = Debug|Any CPU
	EndGlobalSection
EndGlobal
